
Microsoft Visual Studio Solution File, Format Version 12.00
# Visual Studio Version 16
VisualStudioVersion = 16.0.29025.244
MinimumVisualStudioVersion = 10.0.40219.1
Project("{FAE04EC0-301F-11D3-BF4B-00C04F79EFBC}") = "Week2-T2", "Week2-T2\Week2-T2.csproj", "{22151434-AA90-401C-B857-9F6C9DB5DCC0}"
EndProject
Global
	GlobalSection(SolutionConfigurationPlatforms) = preSolution
		Debug|Any CPU = Debug|Any CPU
		Release|Any CPU = Release|Any CPU
	EndGlobalSection
	GlobalSection(ProjectConfigurationPlatforms) = postSolution
		{22151434-AA90-401C-B857-9F6C9DB5DCC0}.Debug|Any CPU.ActiveCfg = Debug|Any CPU
		{22151434-AA90-401C-B857-9F6C9DB5DCC0}.Debug|Any CPU.Build.0 = Debug|Any CPU
		{22151434-AA90-401C-B857-9F6C9DB5DCC0}.Release|Any CPU.ActiveCfg = Release|Any CPU
		{22151434-AA90-401C-B857-9F6C9DB5DCC0}.Release|Any CPU.Build.0 = Release|Any CPU
	EndGlobalSection
	GlobalSection(SolutionProperties) = preSolution
		HideSolutionNode = FALSE
	EndGlobalSection
	GlobalSection(ExtensibilityGlobals) = postSolution
		SolutionGuid = {B9F83AD3-DCDB-456E-8F64-32F245645163}
	EndGlobalSection
EndGlobal
